
Microsoft Visual Studio Solution File, Format Version 11.00
# Visual Studio 2010
Project("{FAE04EC0-301F-11D3-BF4B-00C04F79EFBC}") = "Oculus.Platform", "Oculus.Platform.csproj", "{baad3646-c69d-a2aa-4d7c-dfa018ca2b09}"
EndProject
Project("{FAE04EC0-301F-11D3-BF4B-00C04F79EFBC}") = "Assembly-CSharp", "Assembly-CSharp.csproj", "{d37cfcaf-1d0a-c958-db92-e56711c99376}"
EndProject
Project("{FAE04EC0-301F-11D3-BF4B-00C04F79EFBC}") = "Oculus.Interaction", "Oculus.Interaction.csproj", "{09a7e432-1d8e-5c23-3296-3c8eaab9d251}"
EndProject
Project("{FAE04EC0-301F-11D3-BF4B-00C04F79EFBC}") = "Oculus.Spatializer", "Oculus.Spatializer.csproj", "{2d87c568-f820-0348-21cd-0e076d4db039}"
EndProject
Project("{FAE04EC0-301F-11D3-BF4B-00C04F79EFBC}") = "Facebook.WitAI", "Facebook.WitAI.csproj", "{07162586-ccb6-287c-1768-658cac842613}"
EndProject
Project("{FAE04EC0-301F-11D3-BF4B-00C04F79EFBC}") = "Oculus.AudioManager", "Oculus.AudioManager.csproj", "{3fa87cfc-ef9c-5ed5-b861-0ede2725ea8e}"
EndProject
Project("{FAE04EC0-301F-11D3-BF4B-00C04F79EFBC}") = "Oculus.VR", "Oculus.VR.csproj", "{314901d4-e900-2e5d-f910-f87a5be98112}"
EndProject
Project("{FAE04EC0-301F-11D3-BF4B-00C04F79EFBC}") = "Oculus.Interaction.Samples", "Oculus.Interaction.Samples.csproj", "{e5da3f51-9f61-f063-570f-acb650151aa2}"
EndProject
Project("{FAE04EC0-301F-11D3-BF4B-00C04F79EFBC}") = "VoiceSDK.Runtime", "VoiceSDK.Runtime.csproj", "{3282e7f3-4773-e567-8d6f-e37440282b98}"
EndProject
Project("{FAE04EC0-301F-11D3-BF4B-00C04F79EFBC}") = "NavMeshComponents", "NavMeshComponents.csproj", "{f6760dd8-aabb-7939-0972-6304440ed231}"
EndProject
Project("{FAE04EC0-301F-11D3-BF4B-00C04F79EFBC}") = "Oculus.Voice.Demo", "Oculus.Voice.Demo.csproj", "{afbd3d8c-41f7-2999-f49d-8bdb42a39ea5}"
EndProject
Project("{FAE04EC0-301F-11D3-BF4B-00C04F79EFBC}") = "AssistantCoreSDKRuntime", "AssistantCoreSDKRuntime.csproj", "{4a1912ea-4c6f-6393-7998-01f6ae3df2a1}"
EndProject
Project("{FAE04EC0-301F-11D3-BF4B-00C04F79EFBC}") = "Oculus.LipSync", "Oculus.LipSync.csproj", "{ea0a2aed-ec5f-e2ca-83b8-b7d503016a91}"
EndProject
Project("{FAE04EC0-301F-11D3-BF4B-00C04F79EFBC}") = "Oculus.Platform.Editor", "Oculus.Platform.Editor.csproj", "{a30eb765-15af-77e7-df53-baf513434c00}"
EndProject
Project("{FAE04EC0-301F-11D3-BF4B-00C04F79EFBC}") = "Assembly-CSharp-Editor", "Assembly-CSharp-Editor.csproj", "{115b2822-c8a6-700e-7494-e0722a647974}"
EndProject
Project("{FAE04EC0-301F-11D3-BF4B-00C04F79EFBC}") = "Oculus.AudioManager.Audio.Editor", "Oculus.AudioManager.Audio.Editor.csproj", "{caaa5039-5aff-f853-e0ae-5a1008fb7a49}"
EndProject
Project("{FAE04EC0-301F-11D3-BF4B-00C04F79EFBC}") = "Oculus.Spatializer.Editor", "Oculus.Spatializer.Editor.csproj", "{bcdf412c-7e5e-5acd-9419-5a5f8eadb49e}"
EndProject
Project("{FAE04EC0-301F-11D3-BF4B-00C04F79EFBC}") = "Oculus.Interaction.Editor", "Oculus.Interaction.Editor.csproj", "{92973b34-2225-03b0-519e-7dd71b875cc5}"
EndProject
Project("{FAE04EC0-301F-11D3-BF4B-00C04F79EFBC}") = "Oculus.VR.Scripts.Editor", "Oculus.VR.Scripts.Editor.csproj", "{427a63e2-35e9-c490-b871-dae7b2d7643e}"
EndProject
Project("{FAE04EC0-301F-11D3-BF4B-00C04F79EFBC}") = "NavMeshComponentsEditor", "NavMeshComponentsEditor.csproj", "{b396179d-395c-a251-b9e7-3722a868d0ef}"
EndProject
Project("{FAE04EC0-301F-11D3-BF4B-00C04F79EFBC}") = "Facebook.Wit.Editor", "Facebook.Wit.Editor.csproj", "{795224bd-8a30-3cb6-77a7-2cbf5f09af5f}"
EndProject
Project("{FAE04EC0-301F-11D3-BF4B-00C04F79EFBC}") = "Oculus.VR.Editor", "Oculus.VR.Editor.csproj", "{be4549ce-b123-7423-e8a6-c99d5ba61a8d}"
EndProject
Project("{FAE04EC0-301F-11D3-BF4B-00C04F79EFBC}") = "Oculus.LipSync.Editor", "Oculus.LipSync.Editor.csproj", "{f203dad3-af5f-4e6c-6878-8cadd6d1d944}"
EndProject
Project("{FAE04EC0-301F-11D3-BF4B-00C04F79EFBC}") = "Oculus.Interaction.InterfaceSupport", "Oculus.Interaction.InterfaceSupport.csproj", "{c299953b-28b5-7646-a451-a8aaba5cdb6c}"
EndProject
Project("{FAE04EC0-301F-11D3-BF4B-00C04F79EFBC}") = "VoiceSDK.Editor", "VoiceSDK.Editor.csproj", "{03830260-015a-b304-f402-73d13fc35cc2}"
EndProject
Project("{FAE04EC0-301F-11D3-BF4B-00C04F79EFBC}") = "AssistantCoreSDKEditor", "AssistantCoreSDKEditor.csproj", "{a6780d04-1be1-a951-4fbc-437c24c4e45c}"
EndProject
Project("{FAE04EC0-301F-11D3-BF4B-00C04F79EFBC}") = "Oculus.AudioManager.Utils.Editor", "Oculus.AudioManager.Utils.Editor.csproj", "{0d7fb78d-796d-c6a5-caa9-e7d019f6741a}"
EndProject
Global
	GlobalSection(SolutionConfigurationPlatforms) = preSolution
		Debug|Any CPU = Debug|Any CPU
	EndGlobalSection
	GlobalSection(ProjectConfigurationPlatforms) = postSolution
		{baad3646-c69d-a2aa-4d7c-dfa018ca2b09}.Debug|Any CPU.ActiveCfg = Debug|Any CPU
		{baad3646-c69d-a2aa-4d7c-dfa018ca2b09}.Debug|Any CPU.Build.0 = Debug|Any CPU
		{d37cfcaf-1d0a-c958-db92-e56711c99376}.Debug|Any CPU.ActiveCfg = Debug|Any CPU
		{d37cfcaf-1d0a-c958-db92-e56711c99376}.Debug|Any CPU.Build.0 = Debug|Any CPU
		{09a7e432-1d8e-5c23-3296-3c8eaab9d251}.Debug|Any CPU.ActiveCfg = Debug|Any CPU
		{09a7e432-1d8e-5c23-3296-3c8eaab9d251}.Debug|Any CPU.Build.0 = Debug|Any CPU
		{2d87c568-f820-0348-21cd-0e076d4db039}.Debug|Any CPU.ActiveCfg = Debug|Any CPU
		{2d87c568-f820-0348-21cd-0e076d4db039}.Debug|Any CPU.Build.0 = Debug|Any CPU
		{07162586-ccb6-287c-1768-658cac842613}.Debug|Any CPU.ActiveCfg = Debug|Any CPU
		{07162586-ccb6-287c-1768-658cac842613}.Debug|Any CPU.Build.0 = Debug|Any CPU
		{3fa87cfc-ef9c-5ed5-b861-0ede2725ea8e}.Debug|Any CPU.ActiveCfg = Debug|Any CPU
		{3fa87cfc-ef9c-5ed5-b861-0ede2725ea8e}.Debug|Any CPU.Build.0 = Debug|Any CPU
		{314901d4-e900-2e5d-f910-f87a5be98112}.Debug|Any CPU.ActiveCfg = Debug|Any CPU
		{314901d4-e900-2e5d-f910-f87a5be98112}.Debug|Any CPU.Build.0 = Debug|Any CPU
		{e5da3f51-9f61-f063-570f-acb650151aa2}.Debug|Any CPU.ActiveCfg = Debug|Any CPU
		{e5da3f51-9f61-f063-570f-acb650151aa2}.Debug|Any CPU.Build.0 = Debug|Any CPU
		{3282e7f3-4773-e567-8d6f-e37440282b98}.Debug|Any CPU.ActiveCfg = Debug|Any CPU
		{3282e7f3-4773-e567-8d6f-e37440282b98}.Debug|Any CPU.Build.0 = Debug|Any CPU
		{f6760dd8-aabb-7939-0972-6304440ed231}.Debug|Any CPU.ActiveCfg = Debug|Any CPU
		{f6760dd8-aabb-7939-0972-6304440ed231}.Debug|Any CPU.Build.0 = Debug|Any CPU
		{afbd3d8c-41f7-2999-f49d-8bdb42a39ea5}.Debug|Any CPU.ActiveCfg = Debug|Any CPU
		{afbd3d8c-41f7-2999-f49d-8bdb42a39ea5}.Debug|Any CPU.Build.0 = Debug|Any CPU
		{4a1912ea-4c6f-6393-7998-01f6ae3df2a1}.Debug|Any CPU.ActiveCfg = Debug|Any CPU
		{4a1912ea-4c6f-6393-7998-01f6ae3df2a1}.Debug|Any CPU.Build.0 = Debug|Any CPU
		{ea0a2aed-ec5f-e2ca-83b8-b7d503016a91}.Debug|Any CPU.ActiveCfg = Debug|Any CPU
		{ea0a2aed-ec5f-e2ca-83b8-b7d503016a91}.Debug|Any CPU.Build.0 = Debug|Any CPU
		{a30eb765-15af-77e7-df53-baf513434c00}.Debug|Any CPU.ActiveCfg = Debug|Any CPU
		{a30eb765-15af-77e7-df53-baf513434c00}.Debug|Any CPU.Build.0 = Debug|Any CPU
		{115b2822-c8a6-700e-7494-e0722a647974}.Debug|Any CPU.ActiveCfg = Debug|Any CPU
		{115b2822-c8a6-700e-7494-e0722a647974}.Debug|Any CPU.Build.0 = Debug|Any CPU
		{caaa5039-5aff-f853-e0ae-5a1008fb7a49}.Debug|Any CPU.ActiveCfg = Debug|Any CPU
		{caaa5039-5aff-f853-e0ae-5a1008fb7a49}.Debug|Any CPU.Build.0 = Debug|Any CPU
		{bcdf412c-7e5e-5acd-9419-5a5f8eadb49e}.Debug|Any CPU.ActiveCfg = Debug|Any CPU
		{bcdf412c-7e5e-5acd-9419-5a5f8eadb49e}.Debug|Any CPU.Build.0 = Debug|Any CPU
		{92973b34-2225-03b0-519e-7dd71b875cc5}.Debug|Any CPU.ActiveCfg = Debug|Any CPU
		{92973b34-2225-03b0-519e-7dd71b875cc5}.Debug|Any CPU.Build.0 = Debug|Any CPU
		{427a63e2-35e9-c490-b871-dae7b2d7643e}.Debug|Any CPU.ActiveCfg = Debug|Any CPU
		{427a63e2-35e9-c490-b871-dae7b2d7643e}.Debug|Any CPU.Build.0 = Debug|Any CPU
		{b396179d-395c-a251-b9e7-3722a868d0ef}.Debug|Any CPU.ActiveCfg = Debug|Any CPU
		{b396179d-395c-a251-b9e7-3722a868d0ef}.Debug|Any CPU.Build.0 = Debug|Any CPU
		{795224bd-8a30-3cb6-77a7-2cbf5f09af5f}.Debug|Any CPU.ActiveCfg = Debug|Any CPU
		{795224bd-8a30-3cb6-77a7-2cbf5f09af5f}.Debug|Any CPU.Build.0 = Debug|Any CPU
		{be4549ce-b123-7423-e8a6-c99d5ba61a8d}.Debug|Any CPU.ActiveCfg = Debug|Any CPU
		{be4549ce-b123-7423-e8a6-c99d5ba61a8d}.Debug|Any CPU.Build.0 = Debug|Any CPU
		{f203dad3-af5f-4e6c-6878-8cadd6d1d944}.Debug|Any CPU.ActiveCfg = Debug|Any CPU
		{f203dad3-af5f-4e6c-6878-8cadd6d1d944}.Debug|Any CPU.Build.0 = Debug|Any CPU
		{c299953b-28b5-7646-a451-a8aaba5cdb6c}.Debug|Any CPU.ActiveCfg = Debug|Any CPU
		{c299953b-28b5-7646-a451-a8aaba5cdb6c}.Debug|Any CPU.Build.0 = Debug|Any CPU
		{03830260-015a-b304-f402-73d13fc35cc2}.Debug|Any CPU.ActiveCfg = Debug|Any CPU
		{03830260-015a-b304-f402-73d13fc35cc2}.Debug|Any CPU.Build.0 = Debug|Any CPU
		{a6780d04-1be1-a951-4fbc-437c24c4e45c}.Debug|Any CPU.ActiveCfg = Debug|Any CPU
		{a6780d04-1be1-a951-4fbc-437c24c4e45c}.Debug|Any CPU.Build.0 = Debug|Any CPU
		{0d7fb78d-796d-c6a5-caa9-e7d019f6741a}.Debug|Any CPU.ActiveCfg = Debug|Any CPU
		{0d7fb78d-796d-c6a5-caa9-e7d019f6741a}.Debug|Any CPU.Build.0 = Debug|Any CPU
	EndGlobalSection
	GlobalSection(SolutionProperties) = preSolution
		HideSolutionNode = FALSE
	EndGlobalSection
EndGlobal
